
Microsoft Visual Studio Solution File, Format Version 12.00
# Visual Studio Version 17
VisualStudioVersion = 17.3.32819.101
MinimumVisualStudioVersion = 10.0.40219.1
Project("{9A19103F-16F7-4668-BE54-9A1E7A4F7556}") = "EthernaVideoImporter", "src\EthernaVideoImporter\EthernaVideoImporter.csproj", "{6B534273-4C90-4EEC-A13B-ABBD9867E1D2}"
EndProject
Project("{9A19103F-16F7-4668-BE54-9A1E7A4F7556}") = "YoutubeDownloader", "src\YoutubeDownloader\YoutubeDownloader.csproj", "{4DA6944A-8048-4A33-BC18-D29C0C1A59A0}"
EndProject
Project("{9A19103F-16F7-4668-BE54-9A1E7A4F7556}") = "EthernaVideoImporter.CommonData", "src\EthernaVideoImporter.CommonData\EthernaVideoImporter.CommonData.csproj", "{DA8B07A0-D7D7-43B6-8CE0-7AE619A97817}"
EndProject
Global
	GlobalSection(SolutionConfigurationPlatforms) = preSolution
		Debug|Any CPU = Debug|Any CPU
		Release|Any CPU = Release|Any CPU
	EndGlobalSection
	GlobalSection(ProjectConfigurationPlatforms) = postSolution
		{6B534273-4C90-4EEC-A13B-ABBD9867E1D2}.Debug|Any CPU.ActiveCfg = Debug|Any CPU
		{6B534273-4C90-4EEC-A13B-ABBD9867E1D2}.Debug|Any CPU.Build.0 = Debug|Any CPU
		{6B534273-4C90-4EEC-A13B-ABBD9867E1D2}.Release|Any CPU.ActiveCfg = Release|Any CPU
		{6B534273-4C90-4EEC-A13B-ABBD9867E1D2}.Release|Any CPU.Build.0 = Release|Any CPU
		{4DA6944A-8048-4A33-BC18-D29C0C1A59A0}.Debug|Any CPU.ActiveCfg = Debug|Any CPU
		{4DA6944A-8048-4A33-BC18-D29C0C1A59A0}.Debug|Any CPU.Build.0 = Debug|Any CPU
		{4DA6944A-8048-4A33-BC18-D29C0C1A59A0}.Release|Any CPU.ActiveCfg = Release|Any CPU
		{4DA6944A-8048-4A33-BC18-D29C0C1A59A0}.Release|Any CPU.Build.0 = Release|Any CPU
		{DA8B07A0-D7D7-43B6-8CE0-7AE619A97817}.Debug|Any CPU.ActiveCfg = Debug|Any CPU
		{DA8B07A0-D7D7-43B6-8CE0-7AE619A97817}.Debug|Any CPU.Build.0 = Debug|Any CPU
		{DA8B07A0-D7D7-43B6-8CE0-7AE619A97817}.Release|Any CPU.ActiveCfg = Release|Any CPU
		{DA8B07A0-D7D7-43B6-8CE0-7AE619A97817}.Release|Any CPU.Build.0 = Release|Any CPU
	EndGlobalSection
	GlobalSection(SolutionProperties) = preSolution
		HideSolutionNode = FALSE
	EndGlobalSection
	GlobalSection(ExtensibilityGlobals) = postSolution
		SolutionGuid = {09CED59B-3404-49D6-ADE2-70D93A110B72}
	EndGlobalSection
EndGlobal
